
Microsoft Visual Studio Solution File, Format Version 12.00
Project("{FAE04EC0-301F-11D3-BF4B-00C04F79EFBC}") = "Laba2", "Laba2\Laba2.csproj", "{A8B1053F-9829-4C93-9367-513D68CFDB12}"
EndProject
Project("{FAE04EC0-301F-11D3-BF4B-00C04F79EFBC}") = "Simple", "Simple\Simple.csproj", "{D0C92150-3310-4F8D-BBF6-8047A540BD6C}"
EndProject
Project("{FAE04EC0-301F-11D3-BF4B-00C04F79EFBC}") = "Table", "Table\Table.csproj", "{115F687B-97D1-4514-A443-976E3CFDF7D3}"
EndProject
Project("{FAE04EC0-301F-11D3-BF4B-00C04F79EFBC}") = "Vertical", "Vertical\Vertical.csproj", "{0FE9B1CD-0AEB-4848-90DE-F652B2CBCFFF}"
EndProject
Project("{FAE04EC0-301F-11D3-BF4B-00C04F79EFBC}") = "table90", "table90\table90.csproj", "{B15EE22A-D546-47CE-B0E7-02B72DBC8AC2}"
EndProject
Project("{FAE04EC0-301F-11D3-BF4B-00C04F79EFBC}") = "Magic", "Magic\Magic.csproj", "{B6938974-4B37-4419-B547-5ABF63BEE8B8}"
EndProject
Project("{FAE04EC0-301F-11D3-BF4B-00C04F79EFBC}") = "double", "double\double.csproj", "{D529E422-92CD-466E-864B-0EE0A17E42DA}"
EndProject
Global
	GlobalSection(SolutionConfigurationPlatforms) = preSolution
		Debug|Any CPU = Debug|Any CPU
		Release|Any CPU = Release|Any CPU
	EndGlobalSection
	GlobalSection(ProjectConfigurationPlatforms) = postSolution
		{A8B1053F-9829-4C93-9367-513D68CFDB12}.Debug|Any CPU.ActiveCfg = Debug|Any CPU
		{A8B1053F-9829-4C93-9367-513D68CFDB12}.Debug|Any CPU.Build.0 = Debug|Any CPU
		{A8B1053F-9829-4C93-9367-513D68CFDB12}.Release|Any CPU.ActiveCfg = Release|Any CPU
		{A8B1053F-9829-4C93-9367-513D68CFDB12}.Release|Any CPU.Build.0 = Release|Any CPU
		{D0C92150-3310-4F8D-BBF6-8047A540BD6C}.Debug|Any CPU.ActiveCfg = Debug|Any CPU
		{D0C92150-3310-4F8D-BBF6-8047A540BD6C}.Debug|Any CPU.Build.0 = Debug|Any CPU
		{D0C92150-3310-4F8D-BBF6-8047A540BD6C}.Release|Any CPU.ActiveCfg = Release|Any CPU
		{D0C92150-3310-4F8D-BBF6-8047A540BD6C}.Release|Any CPU.Build.0 = Release|Any CPU
		{115F687B-97D1-4514-A443-976E3CFDF7D3}.Debug|Any CPU.ActiveCfg = Debug|Any CPU
		{115F687B-97D1-4514-A443-976E3CFDF7D3}.Debug|Any CPU.Build.0 = Debug|Any CPU
		{115F687B-97D1-4514-A443-976E3CFDF7D3}.Release|Any CPU.ActiveCfg = Release|Any CPU
		{115F687B-97D1-4514-A443-976E3CFDF7D3}.Release|Any CPU.Build.0 = Release|Any CPU
		{0FE9B1CD-0AEB-4848-90DE-F652B2CBCFFF}.Debug|Any CPU.ActiveCfg = Debug|Any CPU
		{0FE9B1CD-0AEB-4848-90DE-F652B2CBCFFF}.Debug|Any CPU.Build.0 = Debug|Any CPU
		{0FE9B1CD-0AEB-4848-90DE-F652B2CBCFFF}.Release|Any CPU.ActiveCfg = Release|Any CPU
		{0FE9B1CD-0AEB-4848-90DE-F652B2CBCFFF}.Release|Any CPU.Build.0 = Release|Any CPU
		{B15EE22A-D546-47CE-B0E7-02B72DBC8AC2}.Debug|Any CPU.ActiveCfg = Debug|Any CPU
		{B15EE22A-D546-47CE-B0E7-02B72DBC8AC2}.Debug|Any CPU.Build.0 = Debug|Any CPU
		{B15EE22A-D546-47CE-B0E7-02B72DBC8AC2}.Release|Any CPU.ActiveCfg = Release|Any CPU
		{B15EE22A-D546-47CE-B0E7-02B72DBC8AC2}.Release|Any CPU.Build.0 = Release|Any CPU
		{B6938974-4B37-4419-B547-5ABF63BEE8B8}.Debug|Any CPU.ActiveCfg = Debug|Any CPU
		{B6938974-4B37-4419-B547-5ABF63BEE8B8}.Debug|Any CPU.Build.0 = Debug|Any CPU
		{B6938974-4B37-4419-B547-5ABF63BEE8B8}.Release|Any CPU.ActiveCfg = Release|Any CPU
		{B6938974-4B37-4419-B547-5ABF63BEE8B8}.Release|Any CPU.Build.0 = Release|Any CPU
		{D529E422-92CD-466E-864B-0EE0A17E42DA}.Debug|Any CPU.ActiveCfg = Debug|Any CPU
		{D529E422-92CD-466E-864B-0EE0A17E42DA}.Debug|Any CPU.Build.0 = Debug|Any CPU
		{D529E422-92CD-466E-864B-0EE0A17E42DA}.Release|Any CPU.ActiveCfg = Release|Any CPU
		{D529E422-92CD-466E-864B-0EE0A17E42DA}.Release|Any CPU.Build.0 = Release|Any CPU
	EndGlobalSection
EndGlobal
