
Microsoft Visual Studio Solution File, Format Version 12.00
Project("{FAE04EC0-301F-11D3-BF4B-00C04F79EFBC}") = "Gamma", "Gamma\Gamma.csproj", "{EBB2020B-752E-4846-B959-873CD5E70970}"
EndProject
Project("{FAE04EC0-301F-11D3-BF4B-00C04F79EFBC}") = "Gamma2", "Gamma2\Gamma2.csproj", "{9E3DCEF5-EA10-4457-B499-CAB193CFF3DE}"
EndProject
Global
	GlobalSection(SolutionConfigurationPlatforms) = preSolution
		Debug|Any CPU = Debug|Any CPU
		Release|Any CPU = Release|Any CPU
	EndGlobalSection
	GlobalSection(ProjectConfigurationPlatforms) = postSolution
		{EBB2020B-752E-4846-B959-873CD5E70970}.Debug|Any CPU.ActiveCfg = Debug|Any CPU
		{EBB2020B-752E-4846-B959-873CD5E70970}.Debug|Any CPU.Build.0 = Debug|Any CPU
		{EBB2020B-752E-4846-B959-873CD5E70970}.Release|Any CPU.ActiveCfg = Release|Any CPU
		{EBB2020B-752E-4846-B959-873CD5E70970}.Release|Any CPU.Build.0 = Release|Any CPU
		{9E3DCEF5-EA10-4457-B499-CAB193CFF3DE}.Debug|Any CPU.ActiveCfg = Debug|Any CPU
		{9E3DCEF5-EA10-4457-B499-CAB193CFF3DE}.Debug|Any CPU.Build.0 = Debug|Any CPU
		{9E3DCEF5-EA10-4457-B499-CAB193CFF3DE}.Release|Any CPU.ActiveCfg = Release|Any CPU
		{9E3DCEF5-EA10-4457-B499-CAB193CFF3DE}.Release|Any CPU.Build.0 = Release|Any CPU
	EndGlobalSection
EndGlobal
